
Microsoft Visual Studio Solution File, Format Version 12.00
# Visual Studio Version 16
VisualStudioVersion = 16.0.30406.217
MinimumVisualStudioVersion = 10.0.40219.1
Project("{FAE04EC0-301F-11D3-BF4B-00C04F79EFBC}") = "PromotionEngine", "PromotionEngine\PromotionEngine.csproj", "{16AE97CE-1D3D-4AE0-8D23-EABC17698697}"
EndProject
Global
	GlobalSection(SolutionConfigurationPlatforms) = preSolution
		Debug|Any CPU = Debug|Any CPU
		Release|Any CPU = Release|Any CPU
	EndGlobalSection
	GlobalSection(ProjectConfigurationPlatforms) = postSolution
		{16AE97CE-1D3D-4AE0-8D23-EABC17698697}.Debug|Any CPU.ActiveCfg = Debug|Any CPU
		{16AE97CE-1D3D-4AE0-8D23-EABC17698697}.Debug|Any CPU.Build.0 = Debug|Any CPU
		{16AE97CE-1D3D-4AE0-8D23-EABC17698697}.Release|Any CPU.ActiveCfg = Release|Any CPU
		{16AE97CE-1D3D-4AE0-8D23-EABC17698697}.Release|Any CPU.Build.0 = Release|Any CPU
	EndGlobalSection
	GlobalSection(SolutionProperties) = preSolution
		HideSolutionNode = FALSE
	EndGlobalSection
	GlobalSection(ExtensibilityGlobals) = postSolution
		SolutionGuid = {0A1C7078-F1D5-407F-BD7A-D14ECA11172E}
	EndGlobalSection
EndGlobal
